
Microsoft Visual Studio Solution File, Format Version 12.00
# Visual Studio Version 17
VisualStudioVersion = 17.14.36408.4 d17.14
MinimumVisualStudioVersion = 10.0.40219.1
Project("{FAE04EC0-301F-11D3-BF4B-00C04F79EFBC}") = "atendimento", "atendimento\atendimento.csproj", "{F1089F51-CD6C-4CDF-95A9-061F5351C390}"
EndProject
Global
	GlobalSection(SolutionConfigurationPlatforms) = preSolution
		Debug|Any CPU = Debug|Any CPU
		Release|Any CPU = Release|Any CPU
	EndGlobalSection
	GlobalSection(ProjectConfigurationPlatforms) = postSolution
		{F1089F51-CD6C-4CDF-95A9-061F5351C390}.Debug|Any CPU.ActiveCfg = Debug|Any CPU
		{F1089F51-CD6C-4CDF-95A9-061F5351C390}.Debug|Any CPU.Build.0 = Debug|Any CPU
		{F1089F51-CD6C-4CDF-95A9-061F5351C390}.Release|Any CPU.ActiveCfg = Release|Any CPU
		{F1089F51-CD6C-4CDF-95A9-061F5351C390}.Release|Any CPU.Build.0 = Release|Any CPU
	EndGlobalSection
	GlobalSection(SolutionProperties) = preSolution
		HideSolutionNode = FALSE
	EndGlobalSection
	GlobalSection(ExtensibilityGlobals) = postSolution
		SolutionGuid = {5216F8B0-AD47-413C-953E-99DAB868AFFF}
	EndGlobalSection
EndGlobal
